{
  "name": "lahmetna-platform",
  "version": "1.0.0",
  "lockfileVersion": 3,
  "requires": true,
  "packages": {
    "": {
      "name": "lahmetna-platform",
      "version": "1.0.0",
      "dependencies": {
        "@omary98/seo-runtime-core": "0.1.4"
      },
      "engines": {
        "node": ">=22.5.0"
      }
    },
    "node_modules/@omary98/seo-runtime-core": {
      "version": "0.1.4",
      "resolved": "https://registry.npmjs.org/@omary98/seo-runtime-core/-/seo-runtime-core-0.1.4.tgz",
      "integrity": "sha512-Yw2gADjgNNYfifhCXAtbAkZrdFowZ0rWgrDExNfywfpBgHlUb4PJOu7+31GuFBXCf7LLpnVt3l86rQDeo6M05Q==",
      "license": "MIT",
      "dependencies": {
        "marked": "^15.0.12"
      }
    },
    "node_modules/marked": {
      "version": "15.0.12",
      "resolved": "https://registry.npmjs.org/marked/-/marked-15.0.12.tgz",
      "integrity": "sha512-8dD6FusOQSrpv9Z1rdNMdlSgQOIP880DHqnohobOmYLElGEqAL/JvxvuxZO16r4HtjTlfPRDC1hbvxC9dPN2nA==",
      "license": "MIT",
      "bin": {
        "marked": "bin/marked.js"
      },
      "engines": {
        "node": ">= 18"
      }
    }
  }
}
