{
  "name": "lahmetna-platform",
  "version": "1.0.0",
  "lockfileVersion": 3,
  "requires": true,
  "packages": {
    "": {
      "name": "lahmetna-platform",
      "version": "1.0.0",
      "dependencies": {
        "@omary98/seo-runtime-core": "^0.1.2"
      },
      "engines": {
        "node": ">=22.5.0"
      }
    },
    "node_modules/@omary98/seo-runtime-core": {
      "version": "0.1.2",
      "resolved": "https://registry.npmjs.org/@omary98/seo-runtime-core/-/seo-runtime-core-0.1.2.tgz",
      "integrity": "sha512-8tkkm3FW0ZYIZORUYe8h6ZgTjVbeUofRqMbV+j5dKh3tk10iFnitMpp3zeBX8lU80DArPK4op3wUOsC1V3Uxjw==",
      "license": "MIT",
      "dependencies": {
        "marked": "^15.0.12"
      }
    },
    "node_modules/marked": {
      "version": "15.0.12",
      "resolved": "https://registry.npmjs.org/marked/-/marked-15.0.12.tgz",
      "integrity": "sha512-8dD6FusOQSrpv9Z1rdNMdlSgQOIP880DHqnohobOmYLElGEqAL/JvxvuxZO16r4HtjTlfPRDC1hbvxC9dPN2nA==",
      "license": "MIT",
      "bin": {
        "marked": "bin/marked.js"
      },
      "engines": {
        "node": ">= 18"
      }
    }
  }
}
